
Microsoft Visual Studio Solution File, Format Version 12.00
# Visual Studio Version 17
VisualStudioVersion = 17.10.35027.167
MinimumVisualStudioVersion = 10.0.40219.1
Project("{2150E333-8FDC-42A3-9474-1A3956D46DE8}") = "Core", "Core", "{3B399250-1407-43DB-89E6-13599B32EAB3}"
EndProject
Project("{FAE04EC0-301F-11D3-BF4B-00C04F79EFBC}") = "CarBookApp.Domain", "CarBookApp.Domain\CarBookApp.Domain.csproj", "{9BC13F43-D006-481A-A5CE-991E362B2A79}"
EndProject
Global
	GlobalSection(SolutionConfigurationPlatforms) = preSolution
		Debug|Any CPU = Debug|Any CPU
		Release|Any CPU = Release|Any CPU
	EndGlobalSection
	GlobalSection(ProjectConfigurationPlatforms) = postSolution
		{9BC13F43-D006-481A-A5CE-991E362B2A79}.Debug|Any CPU.ActiveCfg = Debug|Any CPU
		{9BC13F43-D006-481A-A5CE-991E362B2A79}.Debug|Any CPU.Build.0 = Debug|Any CPU
		{9BC13F43-D006-481A-A5CE-991E362B2A79}.Release|Any CPU.ActiveCfg = Release|Any CPU
		{9BC13F43-D006-481A-A5CE-991E362B2A79}.Release|Any CPU.Build.0 = Release|Any CPU
	EndGlobalSection
	GlobalSection(SolutionProperties) = preSolution
		HideSolutionNode = FALSE
	EndGlobalSection
	GlobalSection(NestedProjects) = preSolution
		{9BC13F43-D006-481A-A5CE-991E362B2A79} = {3B399250-1407-43DB-89E6-13599B32EAB3}
	EndGlobalSection
	GlobalSection(ExtensibilityGlobals) = postSolution
		SolutionGuid = {2099F5BF-CCAC-478E-9F78-96248E3C54DE}
	EndGlobalSection
EndGlobal
